
Microsoft Visual Studio Solution File, Format Version 12.00
# Visual Studio Version 17
VisualStudioVersion = 17.2.32602.215
MinimumVisualStudioVersion = 10.0.40219.1
Project("{9A19103F-16F7-4668-BE54-9A1E7A4F7556}") = "HayaletSevgilim", "Library\HayaletSevgilim.csproj", "{73F724F4-98AA-46C6-9E5A-79921F844050}"
EndProject
Project("{9A19103F-16F7-4668-BE54-9A1E7A4F7556}") = "Example", "Example\Example.csproj", "{88925562-B21C-4354-ACE4-9AE1658A6A17}"
EndProject
Global
	GlobalSection(SolutionConfigurationPlatforms) = preSolution
		Debug|Any CPU = Debug|Any CPU
		Release|Any CPU = Release|Any CPU
	EndGlobalSection
	GlobalSection(ProjectConfigurationPlatforms) = postSolution
		{73F724F4-98AA-46C6-9E5A-79921F844050}.Debug|Any CPU.ActiveCfg = Debug|Any CPU
		{73F724F4-98AA-46C6-9E5A-79921F844050}.Debug|Any CPU.Build.0 = Debug|Any CPU
		{73F724F4-98AA-46C6-9E5A-79921F844050}.Release|Any CPU.ActiveCfg = Release|Any CPU
		{73F724F4-98AA-46C6-9E5A-79921F844050}.Release|Any CPU.Build.0 = Release|Any CPU
		{88925562-B21C-4354-ACE4-9AE1658A6A17}.Debug|Any CPU.ActiveCfg = Debug|Any CPU
		{88925562-B21C-4354-ACE4-9AE1658A6A17}.Debug|Any CPU.Build.0 = Debug|Any CPU
		{88925562-B21C-4354-ACE4-9AE1658A6A17}.Release|Any CPU.ActiveCfg = Release|Any CPU
		{88925562-B21C-4354-ACE4-9AE1658A6A17}.Release|Any CPU.Build.0 = Release|Any CPU
	EndGlobalSection
	GlobalSection(SolutionProperties) = preSolution
		HideSolutionNode = FALSE
	EndGlobalSection
	GlobalSection(ExtensibilityGlobals) = postSolution
		SolutionGuid = {69B3298B-E916-474B-9BAA-6905B19B859F}
	EndGlobalSection
EndGlobal
