
Microsoft Visual Studio Solution File, Format Version 12.00
# Visual Studio Version 17
VisualStudioVersion = 17.2.32602.215
MinimumVisualStudioVersion = 10.0.40219.1
Project("{FAE04EC0-301F-11D3-BF4B-00C04F79EFBC}") = "HayaletSevgilim", "HayaletSevgilim.csproj", "{DB56407D-D74E-4E18-9A3C-C35306582644}"
EndProject
Global
	GlobalSection(SolutionConfigurationPlatforms) = preSolution
		Debug|Any CPU = Debug|Any CPU
		Release|Any CPU = Release|Any CPU
	EndGlobalSection
	GlobalSection(ProjectConfigurationPlatforms) = postSolution
		{DB56407D-D74E-4E18-9A3C-C35306582644}.Debug|Any CPU.ActiveCfg = Debug|Any CPU
		{DB56407D-D74E-4E18-9A3C-C35306582644}.Debug|Any CPU.Build.0 = Debug|Any CPU
		{DB56407D-D74E-4E18-9A3C-C35306582644}.Release|Any CPU.ActiveCfg = Release|Any CPU
		{DB56407D-D74E-4E18-9A3C-C35306582644}.Release|Any CPU.Build.0 = Release|Any CPU
	EndGlobalSection
	GlobalSection(SolutionProperties) = preSolution
		HideSolutionNode = FALSE
	EndGlobalSection
	GlobalSection(ExtensibilityGlobals) = postSolution
		SolutionGuid = {69B3298B-E916-474B-9BAA-6905B19B859F}
	EndGlobalSection
EndGlobal
