// !$*UTF8*$!
{
	archiveVersion = 1;
	classes = {
	};
	objectVersion = 55;
	objects = {

/* Begin PBXBuildFile section */
		C6D209F52863A29B00A1423E /* AppDelegate.swift in Sources */ = {isa = PBXBuildFile; fileRef = C6D209F42863A29B00A1423E /* AppDelegate.swift */; };
		C6D209F72863A29B00A1423E /* SceneDelegate.swift in Sources */ = {isa = PBXBuildFile; fileRef = C6D209F62863A29B00A1423E /* SceneDelegate.swift */; };
		C6D209F92863A29B00A1423E /* ViewController.swift in Sources */ = {isa = PBXBuildFile; fileRef = C6D209F82863A29B00A1423E /* ViewController.swift */; };
		C6D209FC2863A29B00A1423E /* Main.storyboard in Resources */ = {isa = PBXBuildFile; fileRef = C6D209FA2863A29B00A1423E /* Main.storyboard */; };
		C6D209FE2863A29D00A1423E /* Assets.xcassets in Resources */ = {isa = PBXBuildFile; fileRef = C6D209FD2863A29D00A1423E /* Assets.xcassets */; };
		C6D20A012863A29D00A1423E /* LaunchScreen.storyboard in Resources */ = {isa = PBXBuildFile; fileRef = C6D209FF2863A29D00A1423E /* LaunchScreen.storyboard */; };
		C6D20A092863A8F000A1423E /* UIColor+.swift in Sources */ = {isa = PBXBuildFile; fileRef = C6D20A082863A8F000A1423E /* UIColor+.swift */; };
		C6D20A0D2863AFD100A1423E /* LyricModel.swift in Sources */ = {isa = PBXBuildFile; fileRef = C6D20A0C2863AFD100A1423E /* LyricModel.swift */; };
		E233A5E3DCE3C90A1A2057FC /* Pods_hayaletsevgilim.framework in Frameworks */ = {isa = PBXBuildFile; fileRef = E036A26010D30393CEBC893C /* Pods_hayaletsevgilim.framework */; };
/* End PBXBuildFile section */

/* Begin PBXFileReference section */
		610220241F8BD894736B7E3D /* Pods-hayaletsevgilim.debug.xcconfig */ = {isa = PBXFileReference; includeInIndex = 1; lastKnownFileType = text.xcconfig; name = "Pods-hayaletsevgilim.debug.xcconfig"; path = "Target Support Files/Pods-hayaletsevgilim/Pods-hayaletsevgilim.debug.xcconfig"; sourceTree = "<group>"; };
		78117F2014543624F0A7BD28 /* Pods-hayaletsevgilim.release.xcconfig */ = {isa = PBXFileReference; includeInIndex = 1; lastKnownFileType = text.xcconfig; name = "Pods-hayaletsevgilim.release.xcconfig"; path = "Target Support Files/Pods-hayaletsevgilim/Pods-hayaletsevgilim.release.xcconfig"; sourceTree = "<group>"; };
		C6D209F12863A29B00A1423E /* hayaletsevgilim.app */ = {isa = PBXFileReference; explicitFileType = wrapper.application; includeInIndex = 0; path = hayaletsevgilim.app; sourceTree = BUILT_PRODUCTS_DIR; };
		C6D209F42863A29B00A1423E /* AppDelegate.swift */ = {isa = PBXFileReference; lastKnownFileType = sourcecode.swift; path = AppDelegate.swift; sourceTree = "<group>"; };
		C6D209F62863A29B00A1423E /* SceneDelegate.swift */ = {isa = PBXFileReference; lastKnownFileType = sourcecode.swift; path = SceneDelegate.swift; sourceTree = "<group>"; };
		C6D209F82863A29B00A1423E /* ViewController.swift */ = {isa = PBXFileReference; lastKnownFileType = sourcecode.swift; path = ViewController.swift; sourceTree = "<group>"; };
		C6D209FB2863A29B00A1423E /* Base */ = {isa = PBXFileReference; lastKnownFileType = file.storyboard; name = Base; path = Base.lproj/Main.storyboard; sourceTree = "<group>"; };
		C6D209FD2863A29D00A1423E /* Assets.xcassets */ = {isa = PBXFileReference; lastKnownFileType = folder.assetcatalog; path = Assets.xcassets; sourceTree = "<group>"; };
		C6D20A002863A29D00A1423E /* Base */ = {isa = PBXFileReference; lastKnownFileType = file.storyboard; name = Base; path = Base.lproj/LaunchScreen.storyboard; sourceTree = "<group>"; };
		C6D20A022863A29D00A1423E /* Info.plist */ = {isa = PBXFileReference; lastKnownFileType = text.plist.xml; path = Info.plist; sourceTree = "<group>"; };
		C6D20A082863A8F000A1423E /* UIColor+.swift */ = {isa = PBXFileReference; lastKnownFileType = sourcecode.swift; path = "UIColor+.swift"; sourceTree = "<group>"; };
		C6D20A0C2863AFD100A1423E /* LyricModel.swift */ = {isa = PBXFileReference; lastKnownFileType = sourcecode.swift; path = LyricModel.swift; sourceTree = "<group>"; };
		E036A26010D30393CEBC893C /* Pods_hayaletsevgilim.framework */ = {isa = PBXFileReference; explicitFileType = wrapper.framework; includeInIndex = 0; path = Pods_hayaletsevgilim.framework; sourceTree = BUILT_PRODUCTS_DIR; };
/* End PBXFileReference section */

/* Begin PBXFrameworksBuildPhase section */
		C6D209EE2863A29B00A1423E /* Frameworks */ = {
			isa = PBXFrameworksBuildPhase;
			buildActionMask = 2147483647;
			files = (
				E233A5E3DCE3C90A1A2057FC /* Pods_hayaletsevgilim.framework in Frameworks */,
			);
			runOnlyForDeploymentPostprocessing = 0;
		};
/* End PBXFrameworksBuildPhase section */

/* Begin PBXGroup section */
		5D86AA246B070DB0CE1D091F /* Frameworks */ = {
			isa = PBXGroup;
			children = (
				E036A26010D30393CEBC893C /* Pods_hayaletsevgilim.framework */,
			);
			name = Frameworks;
			sourceTree = "<group>";
		};
		9FF97166A1E1BB815BD65B17 /* Pods */ = {
			isa = PBXGroup;
			children = (
				610220241F8BD894736B7E3D /* Pods-hayaletsevgilim.debug.xcconfig */,
				78117F2014543624F0A7BD28 /* Pods-hayaletsevgilim.release.xcconfig */,
			);
			name = Pods;
			path = Pods;
			sourceTree = "<group>";
		};
		C6D209E82863A29B00A1423E = {
			isa = PBXGroup;
			children = (
				C6D209F32863A29B00A1423E /* hayaletsevgilim */,
				C6D209F22863A29B00A1423E /* Products */,
				9FF97166A1E1BB815BD65B17 /* Pods */,
				5D86AA246B070DB0CE1D091F /* Frameworks */,
			);
			sourceTree = "<group>";
		};
		C6D209F22863A29B00A1423E /* Products */ = {
			isa = PBXGroup;
			children = (
				C6D209F12863A29B00A1423E /* hayaletsevgilim.app */,
			);
			name = Products;
			sourceTree = "<group>";
		};
		C6D209F32863A29B00A1423E /* hayaletsevgilim */ = {
			isa = PBXGroup;
			children = (
				C6D209F42863A29B00A1423E /* AppDelegate.swift */,
				C6D209F62863A29B00A1423E /* SceneDelegate.swift */,
				C6D209F82863A29B00A1423E /* ViewController.swift */,
				C6D209FA2863A29B00A1423E /* Main.storyboard */,
				C6D209FD2863A29D00A1423E /* Assets.xcassets */,
				C6D209FF2863A29D00A1423E /* LaunchScreen.storyboard */,
				C6D20A022863A29D00A1423E /* Info.plist */,
				C6D20A082863A8F000A1423E /* UIColor+.swift */,
				C6D20A0C2863AFD100A1423E /* LyricModel.swift */,
			);
			path = hayaletsevgilim;
			sourceTree = "<group>";
		};
/* End PBXGroup section */

/* Begin PBXNativeTarget section */
		C6D209F02863A29B00A1423E /* hayaletsevgilim */ = {
			isa = PBXNativeTarget;
			buildConfigurationList = C6D20A052863A29D00A1423E /* Build configuration list for PBXNativeTarget "hayaletsevgilim" */;
			buildPhases = (
				10D65D5C868698A34BF5D148 /* [CP] Check Pods Manifest.lock */,
				C6D209ED2863A29B00A1423E /* Sources */,
				C6D209EE2863A29B00A1423E /* Frameworks */,
				C6D209EF2863A29B00A1423E /* Resources */,
				7DF1ACCFAEB70A11C43575A3 /* [CP] Embed Pods Frameworks */,
			);
			buildRules = (
			);
			dependencies = (
			);
			name = hayaletsevgilim;
			productName = hayaletsevgilim;
			productReference = C6D209F12863A29B00A1423E /* hayaletsevgilim.app */;
			productType = "com.apple.product-type.application";
		};
/* End PBXNativeTarget section */

/* Begin PBXProject section */
		C6D209E92863A29B00A1423E /* Project object */ = {
			isa = PBXProject;
			attributes = {
				BuildIndependentTargetsInParallel = 1;
				LastSwiftUpdateCheck = 1340;
				LastUpgradeCheck = 1340;
				TargetAttributes = {
					C6D209F02863A29B00A1423E = {
						CreatedOnToolsVersion = 13.4.1;
					};
				};
			};
			buildConfigurationList = C6D209EC2863A29B00A1423E /* Build configuration list for PBXProject "hayaletsevgilim" */;
			compatibilityVersion = "Xcode 13.0";
			developmentRegion = en;
			hasScannedForEncodings = 0;
			knownRegions = (
				en,
				Base,
			);
			mainGroup = C6D209E82863A29B00A1423E;
			productRefGroup = C6D209F22863A29B00A1423E /* Products */;
			projectDirPath = "";
			projectRoot = "";
			targets = (
				C6D209F02863A29B00A1423E /* hayaletsevgilim */,
			);
		};
/* End PBXProject section */

/* Begin PBXResourcesBuildPhase section */
		C6D209EF2863A29B00A1423E /* Resources */ = {
			isa = PBXResourcesBuildPhase;
			buildActionMask = 2147483647;
			files = (
				C6D20A012863A29D00A1423E /* LaunchScreen.storyboard in Resources */,
				C6D209FE2863A29D00A1423E /* Assets.xcassets in Resources */,
				C6D209FC2863A29B00A1423E /* Main.storyboard in Resources */,
			);
			runOnlyForDeploymentPostprocessing = 0;
		};
/* End PBXResourcesBuildPhase section */

/* Begin PBXShellScriptBuildPhase section */
		10D65D5C868698A34BF5D148 /* [CP] Check Pods Manifest.lock */ = {
			isa = PBXShellScriptBuildPhase;
			buildActionMask = 2147483647;
			files = (
			);
			inputFileListPaths = (
			);
			inputPaths = (
				"${PODS_PODFILE_DIR_PATH}/Podfile.lock",
				"${PODS_ROOT}/Manifest.lock",
			);
			name = "[CP] Check Pods Manifest.lock";
			outputFileListPaths = (
			);
			outputPaths = (
				"$(DERIVED_FILE_DIR)/Pods-hayaletsevgilim-checkManifestLockResult.txt",
			);
			runOnlyForDeploymentPostprocessing = 0;
			shellPath = /bin/sh;
			shellScript = "diff \"${PODS_PODFILE_DIR_PATH}/Podfile.lock\" \"${PODS_ROOT}/Manifest.lock\" > /dev/null\nif [ $? != 0 ] ; then\n    # print error to STDERR\n    echo \"error: The sandbox is not in sync with the Podfile.lock. Run 'pod install' or update your CocoaPods installation.\" >&2\n    exit 1\nfi\n# This output is used by Xcode 'outputs' to avoid re-running this script phase.\necho \"SUCCESS\" > \"${SCRIPT_OUTPUT_FILE_0}\"\n";
			showEnvVarsInLog = 0;
		};
		7DF1ACCFAEB70A11C43575A3 /* [CP] Embed Pods Frameworks */ = {
			isa = PBXShellScriptBuildPhase;
			buildActionMask = 2147483647;
			files = (
			);
			inputFileListPaths = (
				"${PODS_ROOT}/Target Support Files/Pods-hayaletsevgilim/Pods-hayaletsevgilim-frameworks-${CONFIGURATION}-input-files.xcfilelist",
			);
			name = "[CP] Embed Pods Frameworks";
			outputFileListPaths = (
				"${PODS_ROOT}/Target Support Files/Pods-hayaletsevgilim/Pods-hayaletsevgilim-frameworks-${CONFIGURATION}-output-files.xcfilelist",
			);
			runOnlyForDeploymentPostprocessing = 0;
			shellPath = /bin/sh;
			shellScript = "\"${PODS_ROOT}/Target Support Files/Pods-hayaletsevgilim/Pods-hayaletsevgilim-frameworks.sh\"\n";
			showEnvVarsInLog = 0;
		};
/* End PBXShellScriptBuildPhase section */

/* Begin PBXSourcesBuildPhase section */
		C6D209ED2863A29B00A1423E /* Sources */ = {
			isa = PBXSourcesBuildPhase;
			buildActionMask = 2147483647;
			files = (
				C6D209F92863A29B00A1423E /* ViewController.swift in Sources */,
				C6D20A0D2863AFD100A1423E /* LyricModel.swift in Sources */,
				C6D20A092863A8F000A1423E /* UIColor+.swift in Sources */,
				C6D209F52863A29B00A1423E /* AppDelegate.swift in Sources */,
				C6D209F72863A29B00A1423E /* SceneDelegate.swift in Sources */,
			);
			runOnlyForDeploymentPostprocessing = 0;
		};
/* End PBXSourcesBuildPhase section */

/* Begin PBXVariantGroup section */
		C6D209FA2863A29B00A1423E /* Main.storyboard */ = {
			isa = PBXVariantGroup;
			children = (
				C6D209FB2863A29B00A1423E /* Base */,
			);
			name = Main.storyboard;
			sourceTree = "<group>";
		};
		C6D209FF2863A29D00A1423E /* LaunchScreen.storyboard */ = {
			isa = PBXVariantGroup;
			children = (
				C6D20A002863A29D00A1423E /* Base */,
			);
			name = LaunchScreen.storyboard;
			sourceTree = "<group>";
		};
/* End PBXVariantGroup section */

/* Begin XCBuildConfiguration section */
		C6D20A032863A29D00A1423E /* Debug */ = {
			isa = XCBuildConfiguration;
			buildSettings = {
				ALWAYS_SEARCH_USER_PATHS = NO;
				CLANG_ANALYZER_NONNULL = YES;
				CLANG_ANALYZER_NUMBER_OBJECT_CONVERSION = YES_AGGRESSIVE;
				CLANG_CXX_LANGUAGE_STANDARD = "gnu++17";
				CLANG_ENABLE_MODULES = YES;
				CLANG_ENABLE_OBJC_ARC = YES;
				CLANG_ENABLE_OBJC_WEAK = YES;
				CLANG_WARN_BLOCK_CAPTURE_AUTORELEASING = YES;
				CLANG_WARN_BOOL_CONVERSION = YES;
				CLANG_WARN_COMMA = YES;
				CLANG_WARN_CONSTANT_CONVERSION = YES;
				CLANG_WARN_DEPRECATED_OBJC_IMPLEMENTATIONS = YES;
				CLANG_WARN_DIRECT_OBJC_ISA_USAGE = YES_ERROR;
				CLANG_WARN_DOCUMENTATION_COMMENTS = YES;
				CLANG_WARN_EMPTY_BODY = YES;
				CLANG_WARN_ENUM_CONVERSION = YES;
				CLANG_WARN_INFINITE_RECURSION = YES;
				CLANG_WARN_INT_CONVERSION = YES;
				CLANG_WARN_NON_LITERAL_NULL_CONVERSION = YES;
				CLANG_WARN_OBJC_IMPLICIT_RETAIN_SELF = YES;
				CLANG_WARN_OBJC_LITERAL_CONVERSION = YES;
				CLANG_WARN_OBJC_ROOT_CLASS = YES_ERROR;
				CLANG_WARN_QUOTED_INCLUDE_IN_FRAMEWORK_HEADER = YES;
				CLANG_WARN_RANGE_LOOP_ANALYSIS = YES;
				CLANG_WARN_STRICT_PROTOTYPES = YES;
				CLANG_WARN_SUSPICIOUS_MOVE = YES;
				CLANG_WARN_UNGUARDED_AVAILABILITY = YES_AGGRESSIVE;
				CLANG_WARN_UNREACHABLE_CODE = YES;
				CLANG_WARN__DUPLICATE_METHOD_MATCH = YES;
				COPY_PHASE_STRIP = NO;
				DEBUG_INFORMATION_FORMAT = dwarf;
				ENABLE_STRICT_OBJC_MSGSEND = YES;
				ENABLE_TESTABILITY = YES;
				GCC_C_LANGUAGE_STANDARD = gnu11;
				GCC_DYNAMIC_NO_PIC = NO;
				GCC_NO_COMMON_BLOCKS = YES;
				GCC_OPTIMIZATION_LEVEL = 0;
				GCC_PREPROCESSOR_DEFINITIONS = (
					"DEBUG=1",
					"$(inherited)",
				);
				GCC_WARN_64_TO_32_BIT_CONVERSION = YES;
				GCC_WARN_ABOUT_RETURN_TYPE = YES_ERROR;
				GCC_WARN_UNDECLARED_SELECTOR = YES;
				GCC_WARN_UNINITIALIZED_AUTOS = YES_AGGRESSIVE;
				GCC_WARN_UNUSED_FUNCTION = YES;
				GCC_WARN_UNUSED_VARIABLE = YES;
				IPHONEOS_DEPLOYMENT_TARGET = 15.5;
				MTL_ENABLE_DEBUG_INFO = INCLUDE_SOURCE;
				MTL_FAST_MATH = YES;
				ONLY_ACTIVE_ARCH = YES;
				SDKROOT = iphoneos;
				SWIFT_ACTIVE_COMPILATION_CONDITIONS = DEBUG;
				SWIFT_OPTIMIZATION_LEVEL = "-Onone";
			};
			name = Debug;
		};
		C6D20A042863A29D00A1423E /* Release */ = {
			isa = XCBuildConfiguration;
			buildSettings = {
				ALWAYS_SEARCH_USER_PATHS = NO;
				CLANG_ANALYZER_NONNULL = YES;
				CLANG_ANALYZER_NUMBER_OBJECT_CONVERSION = YES_AGGRESSIVE;
				CLANG_CXX_LANGUAGE_STANDARD = "gnu++17";
				CLANG_ENABLE_MODULES = YES;
				CLANG_ENABLE_OBJC_ARC = YES;
				CLANG_ENABLE_OBJC_WEAK = YES;
				CLANG_WARN_BLOCK_CAPTURE_AUTORELEASING = YES;
				CLANG_WARN_BOOL_CONVERSION = YES;
				CLANG_WARN_COMMA = YES;
				CLANG_WARN_CONSTANT_CONVERSION = YES;
				CLANG_WARN_DEPRECATED_OBJC_IMPLEMENTATIONS = YES;
				CLANG_WARN_DIRECT_OBJC_ISA_USAGE = YES_ERROR;
				CLANG_WARN_DOCUMENTATION_COMMENTS = YES;
				CLANG_WARN_EMPTY_BODY = YES;
				CLANG_WARN_ENUM_CONVERSION = YES;
				CLANG_WARN_INFINITE_RECURSION = YES;
				CLANG_WARN_INT_CONVERSION = YES;
				CLANG_WARN_NON_LITERAL_NULL_CONVERSION = YES;
				CLANG_WARN_OBJC_IMPLICIT_RETAIN_SELF = YES;
				CLANG_WARN_OBJC_LITERAL_CONVERSION = YES;
				CLANG_WARN_OBJC_ROOT_CLASS = YES_ERROR;
				CLANG_WARN_QUOTED_INCLUDE_IN_FRAMEWORK_HEADER = YES;
				CLANG_WARN_RANGE_LOOP_ANALYSIS = YES;
				CLANG_WARN_STRICT_PROTOTYPES = YES;
				CLANG_WARN_SUSPICIOUS_MOVE = YES;
				CLANG_WARN_UNGUARDED_AVAILABILITY = YES_AGGRESSIVE;
				CLANG_WARN_UNREACHABLE_CODE = YES;
				CLANG_WARN__DUPLICATE_METHOD_MATCH = YES;
				COPY_PHASE_STRIP = NO;
				DEBUG_INFORMATION_FORMAT = "dwarf-with-dsym";
				ENABLE_NS_ASSERTIONS = NO;
				ENABLE_STRICT_OBJC_MSGSEND = YES;
				GCC_C_LANGUAGE_STANDARD = gnu11;
				GCC_NO_COMMON_BLOCKS = YES;
				GCC_WARN_64_TO_32_BIT_CONVERSION = YES;
				GCC_WARN_ABOUT_RETURN_TYPE = YES_ERROR;
				GCC_WARN_UNDECLARED_SELECTOR = YES;
				GCC_WARN_UNINITIALIZED_AUTOS = YES_AGGRESSIVE;
				GCC_WARN_UNUSED_FUNCTION = YES;
				GCC_WARN_UNUSED_VARIABLE = YES;
				IPHONEOS_DEPLOYMENT_TARGET = 15.5;
				MTL_ENABLE_DEBUG_INFO = NO;
				MTL_FAST_MATH = YES;
				SDKROOT = iphoneos;
				SWIFT_COMPILATION_MODE = wholemodule;
				SWIFT_OPTIMIZATION_LEVEL = "-O";
				VALIDATE_PRODUCT = YES;
			};
			name = Release;
		};
		C6D20A062863A29D00A1423E /* Debug */ = {
			isa = XCBuildConfiguration;
			baseConfigurationReference = 610220241F8BD894736B7E3D /* Pods-hayaletsevgilim.debug.xcconfig */;
			buildSettings = {
				ASSETCATALOG_COMPILER_APPICON_NAME = AppIcon;
				ASSETCATALOG_COMPILER_GLOBAL_ACCENT_COLOR_NAME = AccentColor;
				CODE_SIGN_STYLE = Automatic;
				CURRENT_PROJECT_VERSION = 1;
				DEVELOPMENT_TEAM = JGA4594YWM;
				GENERATE_INFOPLIST_FILE = YES;
				INFOPLIST_FILE = hayaletsevgilim/Info.plist;
				INFOPLIST_KEY_UIApplicationSupportsIndirectInputEvents = YES;
				INFOPLIST_KEY_UILaunchStoryboardName = LaunchScreen;
				INFOPLIST_KEY_UIMainStoryboardFile = Main;
				INFOPLIST_KEY_UISupportedInterfaceOrientations_iPad = "UIInterfaceOrientationPortrait UIInterfaceOrientationPortraitUpsideDown UIInterfaceOrientationLandscapeLeft UIInterfaceOrientationLandscapeRight";
				INFOPLIST_KEY_UISupportedInterfaceOrientations_iPhone = "UIInterfaceOrientationPortrait UIInterfaceOrientationLandscapeLeft UIInterfaceOrientationLandscapeRight";
				LD_RUNPATH_SEARCH_PATHS = (
					"$(inherited)",
					"@executable_path/Frameworks",
				);
				MARKETING_VERSION = 1.0;
				PRODUCT_BUNDLE_IDENTIFIER = dev.ohkamisli.hayaletsevgilim;
				PRODUCT_NAME = "$(TARGET_NAME)";
				SWIFT_EMIT_LOC_STRINGS = YES;
				SWIFT_VERSION = 5.0;
				TARGETED_DEVICE_FAMILY = "1,2";
			};
			name = Debug;
		};
		C6D20A072863A29D00A1423E /* Release */ = {
			isa = XCBuildConfiguration;
			baseConfigurationReference = 78117F2014543624F0A7BD28 /* Pods-hayaletsevgilim.release.xcconfig */;
			buildSettings = {
				ASSETCATALOG_COMPILER_APPICON_NAME = AppIcon;
				ASSETCATALOG_COMPILER_GLOBAL_ACCENT_COLOR_NAME = AccentColor;
				CODE_SIGN_STYLE = Automatic;
				CURRENT_PROJECT_VERSION = 1;
				DEVELOPMENT_TEAM = JGA4594YWM;
				GENERATE_INFOPLIST_FILE = YES;
				INFOPLIST_FILE = hayaletsevgilim/Info.plist;
				INFOPLIST_KEY_UIApplicationSupportsIndirectInputEvents = YES;
				INFOPLIST_KEY_UILaunchStoryboardName = LaunchScreen;
				INFOPLIST_KEY_UIMainStoryboardFile = Main;
				INFOPLIST_KEY_UISupportedInterfaceOrientations_iPad = "UIInterfaceOrientationPortrait UIInterfaceOrientationPortraitUpsideDown UIInterfaceOrientationLandscapeLeft UIInterfaceOrientationLandscapeRight";
				INFOPLIST_KEY_UISupportedInterfaceOrientations_iPhone = "UIInterfaceOrientationPortrait UIInterfaceOrientationLandscapeLeft UIInterfaceOrientationLandscapeRight";
				LD_RUNPATH_SEARCH_PATHS = (
					"$(inherited)",
					"@executable_path/Frameworks",
				);
				MARKETING_VERSION = 1.0;
				PRODUCT_BUNDLE_IDENTIFIER = dev.ohkamisli.hayaletsevgilim;
				PRODUCT_NAME = "$(TARGET_NAME)";
				SWIFT_EMIT_LOC_STRINGS = YES;
				SWIFT_VERSION = 5.0;
				TARGETED_DEVICE_FAMILY = "1,2";
			};
			name = Release;
		};
/* End XCBuildConfiguration section */

/* Begin XCConfigurationList section */
		C6D209EC2863A29B00A1423E /* Build configuration list for PBXProject "hayaletsevgilim" */ = {
			isa = XCConfigurationList;
			buildConfigurations = (
				C6D20A032863A29D00A1423E /* Debug */,
				C6D20A042863A29D00A1423E /* Release */,
			);
			defaultConfigurationIsVisible = 0;
			defaultConfigurationName = Release;
		};
		C6D20A052863A29D00A1423E /* Build configuration list for PBXNativeTarget "hayaletsevgilim" */ = {
			isa = XCConfigurationList;
			buildConfigurations = (
				C6D20A062863A29D00A1423E /* Debug */,
				C6D20A072863A29D00A1423E /* Release */,
			);
			defaultConfigurationIsVisible = 0;
			defaultConfigurationName = Release;
		};
/* End XCConfigurationList section */
	};
	rootObject = C6D209E92863A29B00A1423E /* Project object */;
}
